{
    "version": 3,
    "terraform_version": "0.11.10",
    "serial": 18,
    "lineage": "ad2a247b-635b-22c2-38db-22387173aa2f",
    "modules": [
        {
            "path": [
                "root"
            ],
            "outputs": {},
            "resources": {
                "google_compute_instance.default": {
                    "type": "google_compute_instance",
                    "depends_on": [],
                    "primary": {
                        "id": "python-systemd-http-server",
                        "attributes": {
                            "attached_disk.#": "0",
                            "boot_disk.#": "1",
                            "boot_disk.0.auto_delete": "true",
                            "boot_disk.0.device_name": "persistent-disk-0",
                            "boot_disk.0.disk_encryption_key_raw": "",
                            "boot_disk.0.disk_encryption_key_sha256": "",
                            "boot_disk.0.initialize_params.#": "1",
                            "boot_disk.0.initialize_params.0.image": "https://www.googleapis.com/compute/v1/projects/centos-cloud/global/images/centos-7-v20181113",
                            "boot_disk.0.initialize_params.0.size": "10",
                            "boot_disk.0.initialize_params.0.type": "pd-standard",
                            "boot_disk.0.source": "https://www.googleapis.com/compute/v1/projects/smiling-axiom-219509/zones/europe-west2-c/disks/python-systemd-http-server",
                            "can_ip_forward": "false",
                            "cpu_platform": "Intel Broadwell",
                            "create_timeout": "4",
                            "deletion_protection": "false",
                            "guest_accelerator.#": "0",
                            "id": "python-systemd-http-server",
                            "instance_id": "8947062641021625847",
                            "label_fingerprint": "42WmSpB8rSM=",
                            "labels.%": "0",
                            "machine_type": "f1-micro",
                            "metadata.%": "1",
                            "metadata.sshKeys": "terraform:ssh-rsa AAAAB3NzaC1yc2EAAAADAQABAAABAQCyp+VBxLdNiHiRQvqbrPAXKj6ZE+mKrC+anI97Kra3/D9F6Whe4ITSZWqbFjDU7U9E3Ba7pBfVHlpZcqnynRXHhxwSgYx3BYXIHvoluP8EZvxV1IJ9KZJWBc8/5hkh2cZ+C8ymqLmeLBGvR7u5wi7oSEkxD2a75ny26iEZb2b5NdkOYMB+rR4uaP7++wv8tC6GQPrBe7j9dXxbYHnIUGQef1itYshdqea3eJZXyjn/QkHEYmbtS3VGPQEW30VC6EYJuJcOWennoPI9TyKT8QiD/OIKHZqoI9TwDrYxNu+0OfpEuuqC+aAnHdZld7UHsgksntIRqW5pWV9z3Q1eLQIr faiyaz_alam709@pythonjen\n",
                            "metadata_fingerprint": "9svWfL4aKZc=",
                            "metadata_startup_script": "",
                            "min_cpu_platform": "",
                            "name": "python-systemd-http-server",
                            "network_interface.#": "1",
                            "network_interface.0.access_config.#": "1",
                            "network_interface.0.access_config.0.assigned_nat_ip": "35.197.236.40",
                            "network_interface.0.access_config.0.nat_ip": "35.197.236.40",
                            "network_interface.0.access_config.0.network_tier": "PREMIUM",
                            "network_interface.0.access_config.0.public_ptr_domain_name": "",
                            "network_interface.0.address": "10.154.0.6",
                            "network_interface.0.alias_ip_range.#": "0",
                            "network_interface.0.name": "nic0",
                            "network_interface.0.network": "https://www.googleapis.com/compute/v1/projects/smiling-axiom-219509/global/networks/default",
                            "network_interface.0.network_ip": "10.154.0.6",
                            "network_interface.0.subnetwork": "https://www.googleapis.com/compute/v1/projects/smiling-axiom-219509/regions/europe-west2/subnetworks/default",
                            "network_interface.0.subnetwork_project": "smiling-axiom-219509",
                            "project": "smiling-axiom-219509",
                            "scheduling.#": "1",
                            "scheduling.0.automatic_restart": "false",
                            "scheduling.0.on_host_maintenance": "MIGRATE",
                            "scheduling.0.preemptible": "false",
                            "scratch_disk.#": "0",
                            "self_link": "https://www.googleapis.com/compute/v1/projects/smiling-axiom-219509/zones/europe-west2-c/instances/python-systemd-http-server",
                            "service_account.#": "0",
                            "tags.#": "1",
                            "tags.1518025018": "python-systemd-http-server",
                            "tags_fingerprint": "YRp1KPzcoDo=",
                            "zone": "europe-west2-c"
                        },
                        "meta": {
                            "e2bfb730-ecaa-11e6-8f88-34363bc7c4c0": {
                                "create": 360000000000,
                                "delete": 360000000000,
                                "update": 360000000000
                            },
                            "schema_version": "6"
                        },
                        "tainted": true
                    },
                    "deposed": [],
                    "provider": "provider.google"
                }
            },
            "depends_on": []
        }
    ]
}
